{
  "name": "startup",
  "version": "1.0.0",
  "lockfileVersion": 2,
  "requires": true,
  "packages": {
    "": {
      "name": "startup",
      "version": "1.0.0",
      "license": "ISC",
      "dependencies": {
        "prodia": "^0.3.0"
      }
    },
    "node_modules/prodia": {
      "version": "0.3.0",
      "resolved": "https://registry.npmjs.org/prodia/-/prodia-0.3.0.tgz",
      "integrity": "sha512-Isp+5kql+CACpwMrNd4jfA4TpSCSAC2m14Lt8aXSYs+btyC2aaRnGxTjCbTpQRkMXHNU8mTpt7R51iqDrynf8Q=="
    }
  },
  "dependencies": {
    "prodia": {
      "version": "0.3.0",
      "resolved": "https://registry.npmjs.org/prodia/-/prodia-0.3.0.tgz",
      "integrity": "sha512-Isp+5kql+CACpwMrNd4jfA4TpSCSAC2m14Lt8aXSYs+btyC2aaRnGxTjCbTpQRkMXHNU8mTpt7R51iqDrynf8Q=="
    }
  }
}
